
Microsoft Visual Studio Solution File, Format Version 12.00
# Visual Studio Version 17
VisualStudioVersion = 17.10.34928.147
MinimumVisualStudioVersion = 10.0.40219.1
Project("{9A19103F-16F7-4668-BE54-9A1E7A4F7556}") = "DSI_Assignment", "DSI_Assignment\DSI_Assignment.csproj", "{72F53622-1305-4471-B675-59CA4FE90FAC}"
EndProject
Project("{9A19103F-16F7-4668-BE54-9A1E7A4F7556}") = "DSI_Assignment.Application", "DSI_Assignment.Application\DSI_Assignment.Application.csproj", "{79B5E782-9E32-427D-BABE-671F422F7CB9}"
EndProject
Project("{9A19103F-16F7-4668-BE54-9A1E7A4F7556}") = "DSI_Assignment.Infrastructure", "DSI_Assignment.Infrastructure\DSI_Assignment.Infrastructure.csproj", "{0912A9B4-5444-414C-B814-09EF634333E5}"
EndProject
Project("{9A19103F-16F7-4668-BE54-9A1E7A4F7556}") = "DSI_Assignment.Domain", "DSI_Assignment.Domain\DSI_Assignment.Domain.csproj", "{96EA98C5-6B84-4F4A-BF0B-8317E6B6DE72}"
EndProject
Global
	GlobalSection(SolutionConfigurationPlatforms) = preSolution
		Debug|Any CPU = Debug|Any CPU
		Release|Any CPU = Release|Any CPU
	EndGlobalSection
	GlobalSection(ProjectConfigurationPlatforms) = postSolution
		{72F53622-1305-4471-B675-59CA4FE90FAC}.Debug|Any CPU.ActiveCfg = Debug|Any CPU
		{72F53622-1305-4471-B675-59CA4FE90FAC}.Debug|Any CPU.Build.0 = Debug|Any CPU
		{72F53622-1305-4471-B675-59CA4FE90FAC}.Release|Any CPU.ActiveCfg = Release|Any CPU
		{72F53622-1305-4471-B675-59CA4FE90FAC}.Release|Any CPU.Build.0 = Release|Any CPU
		{79B5E782-9E32-427D-BABE-671F422F7CB9}.Debug|Any CPU.ActiveCfg = Debug|Any CPU
		{79B5E782-9E32-427D-BABE-671F422F7CB9}.Debug|Any CPU.Build.0 = Debug|Any CPU
		{79B5E782-9E32-427D-BABE-671F422F7CB9}.Release|Any CPU.ActiveCfg = Release|Any CPU
		{79B5E782-9E32-427D-BABE-671F422F7CB9}.Release|Any CPU.Build.0 = Release|Any CPU
		{0912A9B4-5444-414C-B814-09EF634333E5}.Debug|Any CPU.ActiveCfg = Debug|Any CPU
		{0912A9B4-5444-414C-B814-09EF634333E5}.Debug|Any CPU.Build.0 = Debug|Any CPU
		{0912A9B4-5444-414C-B814-09EF634333E5}.Release|Any CPU.ActiveCfg = Release|Any CPU
		{0912A9B4-5444-414C-B814-09EF634333E5}.Release|Any CPU.Build.0 = Release|Any CPU
		{96EA98C5-6B84-4F4A-BF0B-8317E6B6DE72}.Debug|Any CPU.ActiveCfg = Debug|Any CPU
		{96EA98C5-6B84-4F4A-BF0B-8317E6B6DE72}.Debug|Any CPU.Build.0 = Debug|Any CPU
		{96EA98C5-6B84-4F4A-BF0B-8317E6B6DE72}.Release|Any CPU.ActiveCfg = Release|Any CPU
		{96EA98C5-6B84-4F4A-BF0B-8317E6B6DE72}.Release|Any CPU.Build.0 = Release|Any CPU
	EndGlobalSection
	GlobalSection(SolutionProperties) = preSolution
		HideSolutionNode = FALSE
	EndGlobalSection
	GlobalSection(ExtensibilityGlobals) = postSolution
		SolutionGuid = {E476ABB9-9CD6-4C9A-BC40-F23A1767BCB1}
	EndGlobalSection
EndGlobal
